
Microsoft Visual Studio Solution File, Format Version 12.00
# Visual Studio Version 16
VisualStudioVersion = 16.0.31105.61
MinimumVisualStudioVersion = 10.0.40219.1
Project("{FAE04EC0-301F-11D3-BF4B-00C04F79EFBC}") = "BooksApi", "BooksApi.csproj", "{A85F879B-AE46-410B-92B7-5C806234D7D7}"
EndProject
Global
	GlobalSection(SolutionConfigurationPlatforms) = preSolution
		Debug|Any CPU = Debug|Any CPU
		Release|Any CPU = Release|Any CPU
	EndGlobalSection
	GlobalSection(ProjectConfigurationPlatforms) = postSolution
		{A85F879B-AE46-410B-92B7-5C806234D7D7}.Debug|Any CPU.ActiveCfg = Debug|Any CPU
		{A85F879B-AE46-410B-92B7-5C806234D7D7}.Debug|Any CPU.Build.0 = Debug|Any CPU
		{A85F879B-AE46-410B-92B7-5C806234D7D7}.Release|Any CPU.ActiveCfg = Release|Any CPU
		{A85F879B-AE46-410B-92B7-5C806234D7D7}.Release|Any CPU.Build.0 = Release|Any CPU
	EndGlobalSection
	GlobalSection(SolutionProperties) = preSolution
		HideSolutionNode = FALSE
	EndGlobalSection
	GlobalSection(ExtensibilityGlobals) = postSolution
		SolutionGuid = {C00FAEB4-243A-40AB-81F0-1AA6D55C6AEC}
	EndGlobalSection
EndGlobal
